
Microsoft Visual Studio Solution File, Format Version 12.00
# Visual Studio Version 16
VisualStudioVersion = 16.0.29613.14
MinimumVisualStudioVersion = 10.0.40219.1
Project("{9A19103F-16F7-4668-BE54-9A1E7A4F7556}") = "ClassLibrary1", "ClassLibrary1\ClassLibrary1.csproj", "{D73A6553-0FF0-41AC-A7A0-5B28C5849615}"
EndProject
Project("{9A19103F-16F7-4668-BE54-9A1E7A4F7556}") = "ClassLibrary2", "ClassLibrary2\ClassLibrary2.csproj", "{BCE75465-F982-48A3-A8E3-B3F4D975F2BF}"
EndProject
Project("{9A19103F-16F7-4668-BE54-9A1E7A4F7556}") = "Multi", "Multi\Multi.csproj", "{6D5826E5-9557-45BE-9A57-7E5BB1D1BF14}"
EndProject
Project("{2150E333-8FDC-42A3-9474-1A3956D46DE8}") = "nuspec", "nuspec", "{9C107073-8207-4297-8BD3-6410FCFA5F8D}"
	ProjectSection(SolutionItems) = preProject
		nuspec\Common.nuspec = nuspec\Common.nuspec
	EndProjectSection
EndProject
Global
	GlobalSection(SolutionConfigurationPlatforms) = preSolution
		Debug|Any CPU = Debug|Any CPU
		Release|Any CPU = Release|Any CPU
	EndGlobalSection
	GlobalSection(ProjectConfigurationPlatforms) = postSolution
		{D73A6553-0FF0-41AC-A7A0-5B28C5849615}.Debug|Any CPU.ActiveCfg = Debug|Any CPU
		{D73A6553-0FF0-41AC-A7A0-5B28C5849615}.Debug|Any CPU.Build.0 = Debug|Any CPU
		{D73A6553-0FF0-41AC-A7A0-5B28C5849615}.Release|Any CPU.ActiveCfg = Release|Any CPU
		{D73A6553-0FF0-41AC-A7A0-5B28C5849615}.Release|Any CPU.Build.0 = Release|Any CPU
		{BCE75465-F982-48A3-A8E3-B3F4D975F2BF}.Debug|Any CPU.ActiveCfg = Debug|Any CPU
		{BCE75465-F982-48A3-A8E3-B3F4D975F2BF}.Debug|Any CPU.Build.0 = Debug|Any CPU
		{BCE75465-F982-48A3-A8E3-B3F4D975F2BF}.Release|Any CPU.ActiveCfg = Release|Any CPU
		{BCE75465-F982-48A3-A8E3-B3F4D975F2BF}.Release|Any CPU.Build.0 = Release|Any CPU
		{6D5826E5-9557-45BE-9A57-7E5BB1D1BF14}.Debug|Any CPU.ActiveCfg = Debug|Any CPU
		{6D5826E5-9557-45BE-9A57-7E5BB1D1BF14}.Debug|Any CPU.Build.0 = Debug|Any CPU
		{6D5826E5-9557-45BE-9A57-7E5BB1D1BF14}.Release|Any CPU.ActiveCfg = Release|Any CPU
		{6D5826E5-9557-45BE-9A57-7E5BB1D1BF14}.Release|Any CPU.Build.0 = Release|Any CPU
	EndGlobalSection
	GlobalSection(SolutionProperties) = preSolution
		HideSolutionNode = FALSE
	EndGlobalSection
	GlobalSection(ExtensibilityGlobals) = postSolution
		SolutionGuid = {7BC5EF3C-23B0-40A0-81CF-A51EF9B72FC5}
	EndGlobalSection
EndGlobal
